// !$*UTF8*$!
{
	archiveVersion = 1;
	classes = {
	};
	objectVersion = 46;
	objects = {

/* Begin PBXBuildFile section */
		009CE805C89B4C01A88FAE3D /* libGTM_AddressBook.a in Frameworks */ = {isa = PBXBuildFile; fileRef = 272F446D09D54523B9C5F8EF /* libGTM_AddressBook.a */; };
		0E46FFDE185F4B67BA804F9F /* AddressBook.framework in Frameworks */ = {isa = PBXBuildFile; fileRef = 06DE7D511BCE4BFFA097BF47 /* AddressBook.framework */; };
		107A7316C5F14116AE8DCA5E /* libGIP_Reachability.a in Frameworks */ = {isa = PBXBuildFile; fileRef = 8389CAEF7D1047979B1660A9 /* libGIP_Reachability.a */; };
		131BB17596884DDC9D0DB623 /* IonicKeyboard.m in Sources */ = {isa = PBXBuildFile; fileRef = 43C8654E61E9473C969720CD /* IonicKeyboard.m */; };
		172B2C3E66DA4150A6090E1B /* libProtocolBuffers.a in Frameworks */ = {isa = PBXBuildFile; fileRef = 0BCAD24EA3B246DD808CD2B5 /* libProtocolBuffers.a */; };
		1BFD8A5CE26442D386B5FCD7 /* libGTM_core.a in Frameworks */ = {isa = PBXBuildFile; fileRef = C823F9E02E124EDC86885038 /* libGTM_core.a */; };
		1D3623260D0F684500981E51 /* AppDelegate.m in Sources */ = {isa = PBXBuildFile; fileRef = 1D3623250D0F684500981E51 /* AppDelegate.m */; };
		1D60589B0D05DD56006BFB54 /* main.m in Sources */ = {isa = PBXBuildFile; fileRef = 29B97316FDCFA39411CA2CEA /* main.m */; };
		20AB90A21DAA4A9F9CF3C7B4 /* AppDelegate+notification.m in Sources */ = {isa = PBXBuildFile; fileRef = 2533BBB99168456ABA0D8FBA /* AppDelegate+notification.m */; };
		20B9FF2671C247C991E0D138 /* CDVSplashScreen.m in Sources */ = {isa = PBXBuildFile; fileRef = A862DCBF0A814AA8BA2926BD /* CDVSplashScreen.m */; };
		233B092D747A4B76AC9DE615 /* libGTM_NSDictionary+URLArguments.a in Frameworks */ = {isa = PBXBuildFile; fileRef = 78A41201F4B7443984BB983C /* libGTM_NSDictionary+URLArguments.a */; };
		288765FD0DF74451002DB57D /* CoreGraphics.framework in Frameworks */ = {isa = PBXBuildFile; fileRef = 288765FC0DF74451002DB57D /* CoreGraphics.framework */; };
		301BF552109A68D80062928A /* libCordova.a in Frameworks */ = {isa = PBXBuildFile; fileRef = 301BF535109A57CC0062928A /* libCordova.a */; };
		302D95F114D2391D003F00A1 /* MainViewController.m in Sources */ = {isa = PBXBuildFile; fileRef = 302D95EF14D2391D003F00A1 /* MainViewController.m */; };
		302D95F214D2391D003F00A1 /* MainViewController.xib in Resources */ = {isa = PBXBuildFile; fileRef = 302D95F014D2391D003F00A1 /* MainViewController.xib */; };
		305D5FD1115AB8F900A74A75 /* MobileCoreServices.framework in Frameworks */ = {isa = PBXBuildFile; fileRef = 305D5FD0115AB8F900A74A75 /* MobileCoreServices.framework */; };
		3088BBBD154F3926009F9C59 /* Default-Landscape@2x~ipad.png in Resources */ = {isa = PBXBuildFile; fileRef = 3088BBB7154F3926009F9C59 /* Default-Landscape@2x~ipad.png */; };
		3088BBBE154F3926009F9C59 /* Default-Landscape~ipad.png in Resources */ = {isa = PBXBuildFile; fileRef = 3088BBB8154F3926009F9C59 /* Default-Landscape~ipad.png */; };
		3088BBBF154F3926009F9C59 /* Default-Portrait@2x~ipad.png in Resources */ = {isa = PBXBuildFile; fileRef = 3088BBB9154F3926009F9C59 /* Default-Portrait@2x~ipad.png */; };
		3088BBC0154F3926009F9C59 /* Default-Portrait~ipad.png in Resources */ = {isa = PBXBuildFile; fileRef = 3088BBBA154F3926009F9C59 /* Default-Portrait~ipad.png */; };
		3088BBC1154F3926009F9C59 /* Default@2x~iphone.png in Resources */ = {isa = PBXBuildFile; fileRef = 3088BBBB154F3926009F9C59 /* Default@2x~iphone.png */; };
		3088BBC2154F3926009F9C59 /* Default~iphone.png in Resources */ = {isa = PBXBuildFile; fileRef = 3088BBBC154F3926009F9C59 /* Default~iphone.png */; };
		308D05371370CCF300D202BF /* icon-72.png in Resources */ = {isa = PBXBuildFile; fileRef = 308D052E1370CCF300D202BF /* icon-72.png */; };
		308D05381370CCF300D202BF /* icon.png in Resources */ = {isa = PBXBuildFile; fileRef = 308D052F1370CCF300D202BF /* icon.png */; };
		308D05391370CCF300D202BF /* icon@2x.png in Resources */ = {isa = PBXBuildFile; fileRef = 308D05301370CCF300D202BF /* icon@2x.png */; };
		30B4F30019D5E07200D9F7D8 /* Default-667h.png in Resources */ = {isa = PBXBuildFile; fileRef = 30B4F2FD19D5E07200D9F7D8 /* Default-667h.png */; };
		30B4F30119D5E07200D9F7D8 /* Default-736h.png in Resources */ = {isa = PBXBuildFile; fileRef = 30B4F2FE19D5E07200D9F7D8 /* Default-736h.png */; };
		30B4F30219D5E07200D9F7D8 /* Default-Landscape-736h.png in Resources */ = {isa = PBXBuildFile; fileRef = 30B4F2FF19D5E07200D9F7D8 /* Default-Landscape-736h.png */; };
		30C1856619D5FC0A00212699 /* icon-60@3x.png in Resources */ = {isa = PBXBuildFile; fileRef = 30C1856519D5FC0A00212699 /* icon-60@3x.png */; };
		30FC414916E50CA1004E6F35 /* icon-72@2x.png in Resources */ = {isa = PBXBuildFile; fileRef = 30FC414816E50CA1004E6F35 /* icon-72@2x.png */; };
		321FD9E14E5B49909F69F79E /* libsqlite3.tbd in Frameworks */ = {isa = PBXBuildFile; fileRef = AA725579216045B28819D0A9 /* libsqlite3.tbd */; };
		3A3BD5CF289541A9B9232DD4 /* Accounts.framework in Frameworks */ = {isa = PBXBuildFile; fileRef = B6A974265A54411D8CB98827 /* Accounts.framework */; settings = {ATTRIBUTES = (Weak, ); }; };
		3AAC0B0C3FD94AABAECFED67 /* libGSDK_Overload.a in Frameworks */ = {isa = PBXBuildFile; fileRef = 37B879FB25474922A12E4B13 /* libGSDK_Overload.a */; };
		492351FB50AB4CECBF44FF98 /* CDVLogger.m in Sources */ = {isa = PBXBuildFile; fileRef = 7DC00A1002C647A09FF31C65 /* CDVLogger.m */; };
		5B1594DD16A7569C00FEF299 /* AssetsLibrary.framework in Frameworks */ = {isa = PBXBuildFile; fileRef = 5B1594DC16A7569C00FEF299 /* AssetsLibrary.framework */; };
		60020FD62C3542FCB78B3020 /* libGTM_GTMURLBuilder.a in Frameworks */ = {isa = PBXBuildFile; fileRef = 97DB248A11C6473BAF081382 /* libGTM_GTMURLBuilder.a */; };
		620508D67D264308AD38130A /* libGTM_KVO.a in Frameworks */ = {isa = PBXBuildFile; fileRef = 5332442E15FA4FAC96F466B7 /* libGTM_KVO.a */; };
		625F5298ECAB4CF4AD253D64 /* libGGLCore.a in Frameworks */ = {isa = PBXBuildFile; fileRef = 4B9EBE3EEFA843A19DF2586B /* libGGLCore.a */; };
		63C502C7380F45F7AC05B667 /* libGTM_RoundedRectPath.a in Frameworks */ = {isa = PBXBuildFile; fileRef = 4EB92B7727E74FBEA92A678E /* libGTM_RoundedRectPath.a */; };
		6410527B6FA74218AB717011 /* libGTMSessionFetcher_core.a in Frameworks */ = {isa = PBXBuildFile; fileRef = 3A47ADDAB64B4CD3A9DA815A /* libGTMSessionFetcher_core.a */; };
		6475B1C2DBA0457DA32A2CAE /* libGTM_iPhone.a in Frameworks */ = {isa = PBXBuildFile; fileRef = 16A8EFD2376F4430AF79FC97 /* libGTM_iPhone.a */; };
		6683E7B7EE4B479B83CB9E93 /* libGTM_UIFont+LineHeight.a in Frameworks */ = {isa = PBXBuildFile; fileRef = 3BAB479A42154293937AE21B /* libGTM_UIFont+LineHeight.a */; };
		70C2920D6A454C36829D499D /* libGTM_StringEncoding.a in Frameworks */ = {isa = PBXBuildFile; fileRef = A58A1D37C02C49A8B0DD0E17 /* libGTM_StringEncoding.a */; };
		71599EEF2F564C7088426012 /* libGTM_NSStringHTML.a in Frameworks */ = {isa = PBXBuildFile; fileRef = B12984F949ED4B0494CEC176 /* libGTM_NSStringHTML.a */; };
		7CBF77B655F54E62B59678FD /* libGTM_Regex.a in Frameworks */ = {isa = PBXBuildFile; fileRef = F19ED36EEB76495CB07127A4 /* libGTM_Regex.a */; };
		7E7966DE1810823500FA85AD /* icon-40.png in Resources */ = {isa = PBXBuildFile; fileRef = 7E7966D41810823500FA85AD /* icon-40.png */; };
		7E7966DF1810823500FA85AD /* icon-40@2x.png in Resources */ = {isa = PBXBuildFile; fileRef = 7E7966D51810823500FA85AD /* icon-40@2x.png */; };
		7E7966E01810823500FA85AD /* icon-50.png in Resources */ = {isa = PBXBuildFile; fileRef = 7E7966D61810823500FA85AD /* icon-50.png */; };
		7E7966E11810823500FA85AD /* icon-50@2x.png in Resources */ = {isa = PBXBuildFile; fileRef = 7E7966D71810823500FA85AD /* icon-50@2x.png */; };
		7E7966E21810823500FA85AD /* icon-60.png in Resources */ = {isa = PBXBuildFile; fileRef = 7E7966D81810823500FA85AD /* icon-60.png */; };
		7E7966E31810823500FA85AD /* icon-60@2x.png in Resources */ = {isa = PBXBuildFile; fileRef = 7E7966D91810823500FA85AD /* icon-60@2x.png */; };
		7E7966E41810823500FA85AD /* icon-76.png in Resources */ = {isa = PBXBuildFile; fileRef = 7E7966DA1810823500FA85AD /* icon-76.png */; };
		7E7966E51810823500FA85AD /* icon-76@2x.png in Resources */ = {isa = PBXBuildFile; fileRef = 7E7966DB1810823500FA85AD /* icon-76@2x.png */; };
		7E7966E61810823500FA85AD /* icon-small.png in Resources */ = {isa = PBXBuildFile; fileRef = 7E7966DC1810823500FA85AD /* icon-small.png */; };
		7E7966E71810823500FA85AD /* icon-small@2x.png in Resources */ = {isa = PBXBuildFile; fileRef = 7E7966DD1810823500FA85AD /* icon-small@2x.png */; };
		7E95DF64DCA443F880B26017 /* CDVStatusBar.m in Sources */ = {isa = PBXBuildFile; fileRef = 9C2FF0E518054858BACEC3B9 /* CDVStatusBar.m */; };
		80F2C055772A44A3A97F2FBE /* CDVInAppBrowser.m in Sources */ = {isa = PBXBuildFile; fileRef = CC6AF100C81446AD96B36840 /* CDVInAppBrowser.m */; };
		847DE975ABBE4ABE9FE455B4 /* libGTM_NSScannerJSON.a in Frameworks */ = {isa = PBXBuildFile; fileRef = 5297567DB7074408873E407D /* libGTM_NSScannerJSON.a */; };
		9C579F3129C84723939E6AC2 /* libGTM_NSData+zlib.a in Frameworks */ = {isa = PBXBuildFile; fileRef = 9B10BE056725489EAC5F8D35 /* libGTM_NSData+zlib.a */; };
		A0601388028D45C685060620 /* CDVViewController+SplashScreen.m in Sources */ = {isa = PBXBuildFile; fileRef = AF9D45234949468F88D2EC23 /* CDVViewController+SplashScreen.m */; };
		A2E5A7B947BE4C969D3E0BE4 /* FacebookConnectPlugin.m in Sources */ = {isa = PBXBuildFile; fileRef = B0CE1ED12C204D21B542C743 /* FacebookConnectPlugin.m */; };
		A32AE50472A74CECA422C3E8 /* libGTMStackTrace.a in Frameworks */ = {isa = PBXBuildFile; fileRef = AFA7DEC7BCA547F8BD01AB1E /* libGTMStackTrace.a */; };
		AAD45398440E41E0AB570213 /* libGTM_NSStringXML.a in Frameworks */ = {isa = PBXBuildFile; fileRef = 3E60C889436A41B79C642F5D /* libGTM_NSStringXML.a */; };
		ACCEE57908F04D5D8DDD0DB1 /* FacebookSDK.framework in Frameworks */ = {isa = PBXBuildFile; fileRef = 0C2696E6CFD94A43970623EB /* FacebookSDK.framework */; };
		CA097203DE1F4AE9869F0DF3 /* Security.framework in Frameworks */ = {isa = PBXBuildFile; fileRef = C77DC79260B54AF8A2A6BACD /* Security.framework */; settings = {ATTRIBUTES = (Weak, ); }; };
		CF55696A195B4C3593CDE68E /* Social.framework in Frameworks */ = {isa = PBXBuildFile; fileRef = 34F0D6B58F15403FA0156960 /* Social.framework */; settings = {ATTRIBUTES = (Weak, ); }; };
		CFBFF136FBF049A3954E2451 /* libGGLInstanceIDLib.a in Frameworks */ = {isa = PBXBuildFile; fileRef = E84AD491D00C4547B89DE966 /* libGGLInstanceIDLib.a */; };
		D14BEC8918C841118DC7BBD4 /* libGGLCloudMessaging.a in Frameworks */ = {isa = PBXBuildFile; fileRef = D471A982E9B54AC09C10F5D3 /* libGGLCloudMessaging.a */; };
		D4A0D8761607E02300AEF8BB /* Default-568h@2x~iphone.png in Resources */ = {isa = PBXBuildFile; fileRef = D4A0D8751607E02300AEF8BB /* Default-568h@2x~iphone.png */; };
		D4D705F90B7A45F0967B8D87 /* libGTMSessionFetcher_full.a in Frameworks */ = {isa = PBXBuildFile; fileRef = BF931748F3D040AB85B7AB9D /* libGTMSessionFetcher_full.a */; };
		D6CDC2E2E75B4A7296DD2972 /* libz.tbd in Frameworks */ = {isa = PBXBuildFile; fileRef = FEA0015130A44AE6B5EC0707 /* libz.tbd */; };
		D8BFD756AD3B41BEA9E125EF /* libsqlite3.dylib in Frameworks */ = {isa = PBXBuildFile; fileRef = 586961539943487287E9AADA /* libsqlite3.dylib */; };
		DE007E0C06C4463DAAFB0922 /* libGTM_DebugUtils.a in Frameworks */ = {isa = PBXBuildFile; fileRef = 6083863726954E7BB980623B /* libGTM_DebugUtils.a */; };
		DF08CDC691804B23BBA3BDBA /* PushPlugin.m in Sources */ = {isa = PBXBuildFile; fileRef = F533B038FC4144868ABCF8A3 /* PushPlugin.m */; };
		EAAC35A43B394A1594B8A056 /* UIWebViewExtension.m in Sources */ = {isa = PBXBuildFile; fileRef = AF3CE2D0C8DD4CD19D5BC988 /* UIWebViewExtension.m */; };
		ED51CB8F3F3C42C4A0F16747 /* libGTM_SystemVersion.a in Frameworks */ = {isa = PBXBuildFile; fileRef = C7D5154A41B441D08201D553 /* libGTM_SystemVersion.a */; };
		F8ACA1C3A2F14D3D83FD2568 /* CDVDevice.m in Sources */ = {isa = PBXBuildFile; fileRef = D595308E7D30472A93820A33 /* CDVDevice.m */; };
		FE8A098080F84E4D89EB0A1E /* libGcmLib.a in Frameworks */ = {isa = PBXBuildFile; fileRef = 77FD3B6F322A4445B317E015 /* libGcmLib.a */; };
/* End PBXBuildFile section */

/* Begin PBXContainerItemProxy section */
		301BF534109A57CC0062928A /* PBXContainerItemProxy */ = {
			isa = PBXContainerItemProxy;
			containerPortal = 301BF52D109A57CC0062928A /* CordovaLib.xcodeproj */;
			proxyType = 2;
			remoteGlobalIDString = D2AAC07E0554694100DB518D;
			remoteInfo = CordovaLib;
		};
		301BF550109A68C00062928A /* PBXContainerItemProxy */ = {
			isa = PBXContainerItemProxy;
			containerPortal = 301BF52D109A57CC0062928A /* CordovaLib.xcodeproj */;
			proxyType = 1;
			remoteGlobalIDString = D2AAC07D0554694100DB518D;
			remoteInfo = CordovaLib;
		};
/* End PBXContainerItemProxy section */

/* Begin PBXFileReference section */
		06DE7D511BCE4BFFA097BF47 /* AddressBook.framework */ = {isa = PBXFileReference; fileEncoding = 4; lastKnownFileType = wrapper.framework; name = AddressBook.framework; path = System/Library/Frameworks/AddressBook.framework; sourceTree = SDKROOT; };
		0BCAD24EA3B246DD808CD2B5 /* libProtocolBuffers.a */ = {isa = PBXFileReference; fileEncoding = 4; lastKnownFileType = archive.ar; name = libProtocolBuffers.a; path = "Cinemaghar/Plugins/phonegap-plugin-push/GCM/Libraries/libProtocolBuffers.a"; sourceTree = "<group>"; };
		0C2696E6CFD94A43970623EB /* FacebookSDK.framework */ = {isa = PBXFileReference; lastKnownFileType = wrapper.framework; name = FacebookSDK.framework; path = "Cinemaghar/Plugins/phonegap-facebook-plugin/FacebookSDK.framework"; sourceTree = "<group>"; };
		0D6E8F238AE7494388558BE5 /* GGLInstanceID.h */ = {isa = PBXFileReference; fileEncoding = 4; lastKnownFileType = sourcecode.c.h; name = GGLInstanceID.h; path = "phonegap-plugin-push/GCM/Headers/GGLInstanceID.h"; sourceTree = "<group>"; };
		0D965EFDCA154500B23DA728 /* GGLInstanceIDConfig.h */ = {isa = PBXFileReference; fileEncoding = 4; lastKnownFileType = sourcecode.c.h; name = GGLInstanceIDConfig.h; path = "phonegap-plugin-push/GCM/Headers/GGLInstanceIDConfig.h"; sourceTree = "<group>"; };
		16A8EFD2376F4430AF79FC97 /* libGTM_iPhone.a */ = {isa = PBXFileReference; fileEncoding = 4; lastKnownFileType = archive.ar; name = libGTM_iPhone.a; path = "Cinemaghar/Plugins/phonegap-plugin-push/GCM/Libraries/libGTM_iPhone.a"; sourceTree = "<group>"; };
		1D3623240D0F684500981E51 /* AppDelegate.h */ = {isa = PBXFileReference; fileEncoding = 4; lastKnownFileType = sourcecode.c.h; path = AppDelegate.h; sourceTree = "<group>"; };
		1D3623250D0F684500981E51 /* AppDelegate.m */ = {isa = PBXFileReference; fileEncoding = 4; lastKnownFileType = sourcecode.c.objc; path = AppDelegate.m; sourceTree = "<group>"; };
		1D6058910D05DD3D006BFB54 /* Cinemaghar.app */ = {isa = PBXFileReference; explicitFileType = wrapper.application; includeInIndex = 0; path = Cinemaghar.app; sourceTree = BUILT_PRODUCTS_DIR; };
		20103F75FF92410E86005DFF /* GCMConfig.h */ = {isa = PBXFileReference; fileEncoding = 4; lastKnownFileType = sourcecode.c.h; name = GCMConfig.h; path = "phonegap-plugin-push/GCM/Headers/GCMConfig.h"; sourceTree = "<group>"; };
		2371A9A81D2747F0B01BAC65 /* CloudMessaging.h */ = {isa = PBXFileReference; fileEncoding = 4; lastKnownFileType = sourcecode.c.h; name = CloudMessaging.h; path = "phonegap-plugin-push/GCM/Headers/CloudMessaging.h"; sourceTree = "<group>"; };
		2533BBB99168456ABA0D8FBA /* AppDelegate+notification.m */ = {isa = PBXFileReference; fileEncoding = 4; lastKnownFileType = sourcecode.c.objc; name = "AppDelegate+notification.m"; path = "phonegap-plugin-push/AppDelegate+notification.m"; sourceTree = "<group>"; };
		272F446D09D54523B9C5F8EF /* libGTM_AddressBook.a */ = {isa = PBXFileReference; fileEncoding = 4; lastKnownFileType = archive.ar; name = libGTM_AddressBook.a; path = "Cinemaghar/Plugins/phonegap-plugin-push/GCM/Libraries/libGTM_AddressBook.a"; sourceTree = "<group>"; };
		288765FC0DF74451002DB57D /* CoreGraphics.framework */ = {isa = PBXFileReference; lastKnownFileType = wrapper.framework; name = CoreGraphics.framework; path = System/Library/Frameworks/CoreGraphics.framework; sourceTree = SDKROOT; };
		28A958F97C21483DBB1309B6 /* GCMService.h */ = {isa = PBXFileReference; fileEncoding = 4; lastKnownFileType = sourcecode.c.h; name = GCMService.h; path = "phonegap-plugin-push/GCM/Headers/GCMService.h"; sourceTree = "<group>"; };
		29B97316FDCFA39411CA2CEA /* main.m */ = {isa = PBXFileReference; fileEncoding = 4; lastKnownFileType = sourcecode.c.objc; path = main.m; sourceTree = "<group>"; };
		2CF899370E33421689607E88 /* GGLErrorCode.h */ = {isa = PBXFileReference; fileEncoding = 4; lastKnownFileType = sourcecode.c.h; name = GGLErrorCode.h; path = "phonegap-plugin-push/GCM/Headers/GGLErrorCode.h"; sourceTree = "<group>"; };
		301BF52D109A57CC0062928A /* CordovaLib.xcodeproj */ = {isa = PBXFileReference; lastKnownFileType = "wrapper.pb-project"; name = CordovaLib.xcodeproj; path = CordovaLib/CordovaLib.xcodeproj; sourceTree = "<group>"; };
		301BF56E109A69640062928A /* www */ = {isa = PBXFileReference; lastKnownFileType = folder; path = www; sourceTree = SOURCE_ROOT; };
		302D95EE14D2391D003F00A1 /* MainViewController.h */ = {isa = PBXFileReference; fileEncoding = 4; lastKnownFileType = sourcecode.c.h; path = MainViewController.h; sourceTree = "<group>"; };
		302D95EF14D2391D003F00A1 /* MainViewController.m */ = {isa = PBXFileReference; fileEncoding = 4; lastKnownFileType = sourcecode.c.objc; path = MainViewController.m; sourceTree = "<group>"; };
		302D95F014D2391D003F00A1 /* MainViewController.xib */ = {isa = PBXFileReference; fileEncoding = 4; lastKnownFileType = file.xib; path = MainViewController.xib; sourceTree = "<group>"; };
		305D5FD0115AB8F900A74A75 /* MobileCoreServices.framework */ = {isa = PBXFileReference; lastKnownFileType = wrapper.framework; name = MobileCoreServices.framework; path = System/Library/Frameworks/MobileCoreServices.framework; sourceTree = SDKROOT; };
		3088BBB7154F3926009F9C59 /* Default-Landscape@2x~ipad.png */ = {isa = PBXFileReference; lastKnownFileType = image.png; path = "Default-Landscape@2x~ipad.png"; sourceTree = "<group>"; };
		3088BBB8154F3926009F9C59 /* Default-Landscape~ipad.png */ = {isa = PBXFileReference; lastKnownFileType = image.png; path = "Default-Landscape~ipad.png"; sourceTree = "<group>"; };
		3088BBB9154F3926009F9C59 /* Default-Portrait@2x~ipad.png */ = {isa = PBXFileReference; lastKnownFileType = image.png; path = "Default-Portrait@2x~ipad.png"; sourceTree = "<group>"; };
		3088BBBA154F3926009F9C59 /* Default-Portrait~ipad.png */ = {isa = PBXFileReference; lastKnownFileType = image.png; path = "Default-Portrait~ipad.png"; sourceTree = "<group>"; };
		3088BBBB154F3926009F9C59 /* Default@2x~iphone.png */ = {isa = PBXFileReference; lastKnownFileType = image.png; path = "Default@2x~iphone.png"; sourceTree = "<group>"; };
		3088BBBC154F3926009F9C59 /* Default~iphone.png */ = {isa = PBXFileReference; lastKnownFileType = image.png; path = "Default~iphone.png"; sourceTree = "<group>"; };
		308D052E1370CCF300D202BF /* icon-72.png */ = {isa = PBXFileReference; lastKnownFileType = image.png; path = "icon-72.png"; sourceTree = "<group>"; };
		308D052F1370CCF300D202BF /* icon.png */ = {isa = PBXFileReference; lastKnownFileType = image.png; path = icon.png; sourceTree = "<group>"; };
		308D05301370CCF300D202BF /* icon@2x.png */ = {isa = PBXFileReference; lastKnownFileType = image.png; path = "icon@2x.png"; sourceTree = "<group>"; };
		30B4F2FD19D5E07200D9F7D8 /* Default-667h.png */ = {isa = PBXFileReference; lastKnownFileType = image.png; path = "Default-667h.png"; sourceTree = "<group>"; };
		30B4F2FE19D5E07200D9F7D8 /* Default-736h.png */ = {isa = PBXFileReference; lastKnownFileType = image.png; path = "Default-736h.png"; sourceTree = "<group>"; };
		30B4F2FF19D5E07200D9F7D8 /* Default-Landscape-736h.png */ = {isa = PBXFileReference; lastKnownFileType = image.png; path = "Default-Landscape-736h.png"; sourceTree = "<group>"; };
		30C1856519D5FC0A00212699 /* icon-60@3x.png */ = {isa = PBXFileReference; lastKnownFileType = image.png; path = "icon-60@3x.png"; sourceTree = "<group>"; };
		30FC414816E50CA1004E6F35 /* icon-72@2x.png */ = {isa = PBXFileReference; lastKnownFileType = image.png; path = "icon-72@2x.png"; sourceTree = "<group>"; };
		32CA4F630368D1EE00C91783 /* Cinemaghar-Prefix.pch */ = {isa = PBXFileReference; fileEncoding = 4; lastKnownFileType = sourcecode.c.h; path = "Cinemaghar-Prefix.pch"; sourceTree = "<group>"; };
		3441177B6494430F8DAFD51B /* IonicKeyboard.h */ = {isa = PBXFileReference; fileEncoding = 4; lastKnownFileType = sourcecode.c.h; name = IonicKeyboard.h; path = "ionic-plugin-keyboard/IonicKeyboard.h"; sourceTree = "<group>"; };
		34F0D6B58F15403FA0156960 /* Social.framework */ = {isa = PBXFileReference; fileEncoding = 4; lastKnownFileType = wrapper.framework; name = Social.framework; path = System/Library/Frameworks/Social.framework; sourceTree = SDKROOT; };
		37B879FB25474922A12E4B13 /* libGSDK_Overload.a */ = {isa = PBXFileReference; fileEncoding = 4; lastKnownFileType = archive.ar; name = libGSDK_Overload.a; path = "Cinemaghar/Plugins/phonegap-plugin-push/GCM/Libraries/libGSDK_Overload.a"; sourceTree = "<group>"; };
		3A47ADDAB64B4CD3A9DA815A /* libGTMSessionFetcher_core.a */ = {isa = PBXFileReference; fileEncoding = 4; lastKnownFileType = archive.ar; name = libGTMSessionFetcher_core.a; path = "Cinemaghar/Plugins/phonegap-plugin-push/GCM/Libraries/libGTMSessionFetcher_core.a"; sourceTree = "<group>"; };
		3BAB479A42154293937AE21B /* libGTM_UIFont+LineHeight.a */ = {isa = PBXFileReference; fileEncoding = 4; lastKnownFileType = archive.ar; name = "libGTM_UIFont+LineHeight.a"; path = "Cinemaghar/Plugins/phonegap-plugin-push/GCM/Libraries/libGTM_UIFont+LineHeight.a"; sourceTree = "<group>"; };
		3E60C889436A41B79C642F5D /* libGTM_NSStringXML.a */ = {isa = PBXFileReference; fileEncoding = 4; lastKnownFileType = archive.ar; name = libGTM_NSStringXML.a; path = "Cinemaghar/Plugins/phonegap-plugin-push/GCM/Libraries/libGTM_NSStringXML.a"; sourceTree = "<group>"; };
		43C8654E61E9473C969720CD /* IonicKeyboard.m */ = {isa = PBXFileReference; fileEncoding = 4; lastKnownFileType = sourcecode.c.objc; name = IonicKeyboard.m; path = "ionic-plugin-keyboard/IonicKeyboard.m"; sourceTree = "<group>"; };
		440F60D9A20C422AB4A254E4 /* GCMReceiverDelegate.h */ = {isa = PBXFileReference; fileEncoding = 4; lastKnownFileType = sourcecode.c.h; name = GCMReceiverDelegate.h; path = "phonegap-plugin-push/GCM/Headers/GCMReceiverDelegate.h"; sourceTree = "<group>"; };
		44269EA902BE4D238F51C3FF /* GCMPubSub.h */ = {isa = PBXFileReference; fileEncoding = 4; lastKnownFileType = sourcecode.c.h; name = GCMPubSub.h; path = "phonegap-plugin-push/GCM/Headers/GCMPubSub.h"; sourceTree = "<group>"; };
		44FBAE1180784D86951BA26C /* UIWebViewExtension.h */ = {isa = PBXFileReference; fileEncoding = 4; lastKnownFileType = sourcecode.c.h; name = UIWebViewExtension.h; path = "ionic-plugin-keyboard/UIWebViewExtension.h"; sourceTree = "<group>"; };
		4B225A337C2C4F7A8DDEE936 /* CDVStatusBar.h */ = {isa = PBXFileReference; fileEncoding = 4; lastKnownFileType = sourcecode.c.h; name = CDVStatusBar.h; path = "cordova-plugin-statusbar/CDVStatusBar.h"; sourceTree = "<group>"; };
		4B9EBE3EEFA843A19DF2586B /* libGGLCore.a */ = {isa = PBXFileReference; fileEncoding = 4; lastKnownFileType = archive.ar; name = libGGLCore.a; path = "Cinemaghar/Plugins/phonegap-plugin-push/GCM/Libraries/libGGLCore.a"; sourceTree = "<group>"; };
		4EB92B7727E74FBEA92A678E /* libGTM_RoundedRectPath.a */ = {isa = PBXFileReference; fileEncoding = 4; lastKnownFileType = archive.ar; name = libGTM_RoundedRectPath.a; path = "Cinemaghar/Plugins/phonegap-plugin-push/GCM/Libraries/libGTM_RoundedRectPath.a"; sourceTree = "<group>"; };
		513198BC3F63480E9A950402 /* GoogleCloudMessaging.h */ = {isa = PBXFileReference; fileEncoding = 4; lastKnownFileType = sourcecode.c.h; name = GoogleCloudMessaging.h; path = "phonegap-plugin-push/GCM/Headers/GoogleCloudMessaging.h"; sourceTree = "<group>"; };
		5297567DB7074408873E407D /* libGTM_NSScannerJSON.a */ = {isa = PBXFileReference; fileEncoding = 4; lastKnownFileType = archive.ar; name = libGTM_NSScannerJSON.a; path = "Cinemaghar/Plugins/phonegap-plugin-push/GCM/Libraries/libGTM_NSScannerJSON.a"; sourceTree = "<group>"; };
		5332442E15FA4FAC96F466B7 /* libGTM_KVO.a */ = {isa = PBXFileReference; fileEncoding = 4; lastKnownFileType = archive.ar; name = libGTM_KVO.a; path = "Cinemaghar/Plugins/phonegap-plugin-push/GCM/Libraries/libGTM_KVO.a"; sourceTree = "<group>"; };
		586961539943487287E9AADA /* libsqlite3.dylib */ = {isa = PBXFileReference; fileEncoding = 4; lastKnownFileType = "compiled.mach-o.dylib"; name = libsqlite3.dylib; path = usr/lib/libsqlite3.dylib; sourceTree = SDKROOT; };
		5B1594DC16A7569C00FEF299 /* AssetsLibrary.framework */ = {isa = PBXFileReference; lastKnownFileType = wrapper.framework; name = AssetsLibrary.framework; path = System/Library/Frameworks/AssetsLibrary.framework; sourceTree = SDKROOT; };
		604575FB71164C73A40B2D56 /* CDVViewController+SplashScreen.h */ = {isa = PBXFileReference; fileEncoding = 4; lastKnownFileType = sourcecode.c.h; name = "CDVViewController+SplashScreen.h"; path = "cordova-plugin-splashscreen/CDVViewController+SplashScreen.h"; sourceTree = "<group>"; };
		6083863726954E7BB980623B /* libGTM_DebugUtils.a */ = {isa = PBXFileReference; fileEncoding = 4; lastKnownFileType = archive.ar; name = libGTM_DebugUtils.a; path = "Cinemaghar/Plugins/phonegap-plugin-push/GCM/Libraries/libGTM_DebugUtils.a"; sourceTree = "<group>"; };
		61CB0CDF91984F788D0F401D /* CDVSplashScreen.h */ = {isa = PBXFileReference; fileEncoding = 4; lastKnownFileType = sourcecode.c.h; name = CDVSplashScreen.h; path = "cordova-plugin-splashscreen/CDVSplashScreen.h"; sourceTree = "<group>"; };
		77FD3B6F322A4445B317E015 /* libGcmLib.a */ = {isa = PBXFileReference; fileEncoding = 4; lastKnownFileType = archive.ar; name = libGcmLib.a; path = "Cinemaghar/Plugins/phonegap-plugin-push/GCM/Libraries/libGcmLib.a"; sourceTree = "<group>"; };
		78A41201F4B7443984BB983C /* libGTM_NSDictionary+URLArguments.a */ = {isa = PBXFileReference; fileEncoding = 4; lastKnownFileType = archive.ar; name = "libGTM_NSDictionary+URLArguments.a"; path = "Cinemaghar/Plugins/phonegap-plugin-push/GCM/Libraries/libGTM_NSDictionary+URLArguments.a"; sourceTree = "<group>"; };
		7CDA14C776314B1BAA78027A /* PushPlugin.h */ = {isa = PBXFileReference; fileEncoding = 4; lastKnownFileType = sourcecode.c.h; name = PushPlugin.h; path = "phonegap-plugin-push/PushPlugin.h"; sourceTree = "<group>"; };
		7DC00A1002C647A09FF31C65 /* CDVLogger.m */ = {isa = PBXFileReference; fileEncoding = 4; lastKnownFileType = sourcecode.c.objc; name = CDVLogger.m; path = "cordova-plugin-console/CDVLogger.m"; sourceTree = "<group>"; };
		7E7966D41810823500FA85AD /* icon-40.png */ = {isa = PBXFileReference; lastKnownFileType = image.png; path = "icon-40.png"; sourceTree = "<group>"; };
		7E7966D51810823500FA85AD /* icon-40@2x.png */ = {isa = PBXFileReference; lastKnownFileType = image.png; path = "icon-40@2x.png"; sourceTree = "<group>"; };
		7E7966D61810823500FA85AD /* icon-50.png */ = {isa = PBXFileReference; lastKnownFileType = image.png; path = "icon-50.png"; sourceTree = "<group>"; };
		7E7966D71810823500FA85AD /* icon-50@2x.png */ = {isa = PBXFileReference; lastKnownFileType = image.png; path = "icon-50@2x.png"; sourceTree = "<group>"; };
		7E7966D81810823500FA85AD /* icon-60.png */ = {isa = PBXFileReference; lastKnownFileType = image.png; path = "icon-60.png"; sourceTree = "<group>"; };
		7E7966D91810823500FA85AD /* icon-60@2x.png */ = {isa = PBXFileReference; lastKnownFileType = image.png; path = "icon-60@2x.png"; sourceTree = "<group>"; };
		7E7966DA1810823500FA85AD /* icon-76.png */ = {isa = PBXFileReference; lastKnownFileType = image.png; path = "icon-76.png"; sourceTree = "<group>"; };
		7E7966DB1810823500FA85AD /* icon-76@2x.png */ = {isa = PBXFileReference; lastKnownFileType = image.png; path = "icon-76@2x.png"; sourceTree = "<group>"; };
		7E7966DC1810823500FA85AD /* icon-small.png */ = {isa = PBXFileReference; lastKnownFileType = image.png; path = "icon-small.png"; sourceTree = "<group>"; };
		7E7966DD1810823500FA85AD /* icon-small@2x.png */ = {isa = PBXFileReference; lastKnownFileType = image.png; path = "icon-small@2x.png"; sourceTree = "<group>"; };
		7ECCB70E20404F8FB4993012 /* CDVInAppBrowser.h */ = {isa = PBXFileReference; fileEncoding = 4; lastKnownFileType = sourcecode.c.h; name = CDVInAppBrowser.h; path = "cordova-plugin-inappbrowser/CDVInAppBrowser.h"; sourceTree = "<group>"; };
		81A83ECD57464410901E34F7 /* CDVLogger.h */ = {isa = PBXFileReference; fileEncoding = 4; lastKnownFileType = sourcecode.c.h; name = CDVLogger.h; path = "cordova-plugin-console/CDVLogger.h"; sourceTree = "<group>"; };
		8389CAEF7D1047979B1660A9 /* libGIP_Reachability.a */ = {isa = PBXFileReference; fileEncoding = 4; lastKnownFileType = archive.ar; name = libGIP_Reachability.a; path = "Cinemaghar/Plugins/phonegap-plugin-push/GCM/Libraries/libGIP_Reachability.a"; sourceTree = "<group>"; };
		86581537EBEA407FB9C2901A /* Core.h */ = {isa = PBXFileReference; fileEncoding = 4; lastKnownFileType = sourcecode.c.h; name = Core.h; path = "phonegap-plugin-push/GCM/Headers/Core.h"; sourceTree = "<group>"; };
		8D1107310486CEB800E47090 /* Cinemaghar-Info.plist */ = {isa = PBXFileReference; fileEncoding = 4; lastKnownFileType = text.plist.xml; name = "Cinemaghar-Info.plist"; path = "../Cinemaghar-Info.plist"; plistStructureDefinitionIdentifier = "com.apple.xcode.plist.structure-definition.iphone.info-plist"; sourceTree = "<group>"; };
		97DB248A11C6473BAF081382 /* libGTM_GTMURLBuilder.a */ = {isa = PBXFileReference; fileEncoding = 4; lastKnownFileType = archive.ar; name = libGTM_GTMURLBuilder.a; path = "Cinemaghar/Plugins/phonegap-plugin-push/GCM/Libraries/libGTM_GTMURLBuilder.a"; sourceTree = "<group>"; };
		9AD00FDF4C9B4C36AD1913B3 /* CDVDevice.h */ = {isa = PBXFileReference; fileEncoding = 4; lastKnownFileType = sourcecode.c.h; name = CDVDevice.h; path = "cordova-plugin-device/CDVDevice.h"; sourceTree = "<group>"; };
		9B10BE056725489EAC5F8D35 /* libGTM_NSData+zlib.a */ = {isa = PBXFileReference; fileEncoding = 4; lastKnownFileType = archive.ar; name = "libGTM_NSData+zlib.a"; path = "Cinemaghar/Plugins/phonegap-plugin-push/GCM/Libraries/libGTM_NSData+zlib.a"; sourceTree = "<group>"; };
		9C2FF0E518054858BACEC3B9 /* CDVStatusBar.m */ = {isa = PBXFileReference; fileEncoding = 4; lastKnownFileType = sourcecode.c.objc; name = CDVStatusBar.m; path = "cordova-plugin-statusbar/CDVStatusBar.m"; sourceTree = "<group>"; };
		A58A1D37C02C49A8B0DD0E17 /* libGTM_StringEncoding.a */ = {isa = PBXFileReference; fileEncoding = 4; lastKnownFileType = archive.ar; name = libGTM_StringEncoding.a; path = "Cinemaghar/Plugins/phonegap-plugin-push/GCM/Libraries/libGTM_StringEncoding.a"; sourceTree = "<group>"; };
		A862DCBF0A814AA8BA2926BD /* CDVSplashScreen.m */ = {isa = PBXFileReference; fileEncoding = 4; lastKnownFileType = sourcecode.c.objc; name = CDVSplashScreen.m; path = "cordova-plugin-splashscreen/CDVSplashScreen.m"; sourceTree = "<group>"; };
		AA725579216045B28819D0A9 /* libsqlite3.tbd */ = {isa = PBXFileReference; fileEncoding = 4; lastKnownFileType = unknown; path = libsqlite3.tbd; sourceTree = "<group>"; };
		AEFB9A9B80924B3592C8562E /* GGLInstanceIDDelegate.h */ = {isa = PBXFileReference; fileEncoding = 4; lastKnownFileType = sourcecode.c.h; name = GGLInstanceIDDelegate.h; path = "phonegap-plugin-push/GCM/Headers/GGLInstanceIDDelegate.h"; sourceTree = "<group>"; };
		AF3CE2D0C8DD4CD19D5BC988 /* UIWebViewExtension.m */ = {isa = PBXFileReference; fileEncoding = 4; lastKnownFileType = sourcecode.c.objc; name = UIWebViewExtension.m; path = "ionic-plugin-keyboard/UIWebViewExtension.m"; sourceTree = "<group>"; };
		AF9D45234949468F88D2EC23 /* CDVViewController+SplashScreen.m */ = {isa = PBXFileReference; fileEncoding = 4; lastKnownFileType = sourcecode.c.objc; name = "CDVViewController+SplashScreen.m"; path = "cordova-plugin-splashscreen/CDVViewController+SplashScreen.m"; sourceTree = "<group>"; };
		AFA7DEC7BCA547F8BD01AB1E /* libGTMStackTrace.a */ = {isa = PBXFileReference; fileEncoding = 4; lastKnownFileType = archive.ar; name = libGTMStackTrace.a; path = "Cinemaghar/Plugins/phonegap-plugin-push/GCM/Libraries/libGTMStackTrace.a"; sourceTree = "<group>"; };
		B0CE1ED12C204D21B542C743 /* FacebookConnectPlugin.m */ = {isa = PBXFileReference; fileEncoding = 4; lastKnownFileType = sourcecode.c.objc; name = FacebookConnectPlugin.m; path = "phonegap-facebook-plugin/FacebookConnectPlugin.m"; sourceTree = "<group>"; };
		B12984F949ED4B0494CEC176 /* libGTM_NSStringHTML.a */ = {isa = PBXFileReference; fileEncoding = 4; lastKnownFileType = archive.ar; name = libGTM_NSStringHTML.a; path = "Cinemaghar/Plugins/phonegap-plugin-push/GCM/Libraries/libGTM_NSStringHTML.a"; sourceTree = "<group>"; };
		B46015DEE521429EAA96053D /* GGLContext.h */ = {isa = PBXFileReference; fileEncoding = 4; lastKnownFileType = sourcecode.c.h; name = GGLContext.h; path = "phonegap-plugin-push/GCM/Headers/GGLContext.h"; sourceTree = "<group>"; };
		B6A974265A54411D8CB98827 /* Accounts.framework */ = {isa = PBXFileReference; fileEncoding = 4; lastKnownFileType = wrapper.framework; name = Accounts.framework; path = System/Library/Frameworks/Accounts.framework; sourceTree = SDKROOT; };
		B9FFF9205ED7472C9EAA6A7F /* GGLConfiguration.h */ = {isa = PBXFileReference; fileEncoding = 4; lastKnownFileType = sourcecode.c.h; name = GGLConfiguration.h; path = "phonegap-plugin-push/GCM/Headers/GGLConfiguration.h"; sourceTree = "<group>"; };
		BF931748F3D040AB85B7AB9D /* libGTMSessionFetcher_full.a */ = {isa = PBXFileReference; fileEncoding = 4; lastKnownFileType = archive.ar; name = libGTMSessionFetcher_full.a; path = "Cinemaghar/Plugins/phonegap-plugin-push/GCM/Libraries/libGTMSessionFetcher_full.a"; sourceTree = "<group>"; };
		C77DC79260B54AF8A2A6BACD /* Security.framework */ = {isa = PBXFileReference; fileEncoding = 4; lastKnownFileType = wrapper.framework; name = Security.framework; path = System/Library/Frameworks/Security.framework; sourceTree = SDKROOT; };
		C7D5154A41B441D08201D553 /* libGTM_SystemVersion.a */ = {isa = PBXFileReference; fileEncoding = 4; lastKnownFileType = archive.ar; name = libGTM_SystemVersion.a; path = "Cinemaghar/Plugins/phonegap-plugin-push/GCM/Libraries/libGTM_SystemVersion.a"; sourceTree = "<group>"; };
		C823F9E02E124EDC86885038 /* libGTM_core.a */ = {isa = PBXFileReference; fileEncoding = 4; lastKnownFileType = archive.ar; name = libGTM_core.a; path = "Cinemaghar/Plugins/phonegap-plugin-push/GCM/Libraries/libGTM_core.a"; sourceTree = "<group>"; };
		CC6AF100C81446AD96B36840 /* CDVInAppBrowser.m */ = {isa = PBXFileReference; fileEncoding = 4; lastKnownFileType = sourcecode.c.objc; name = CDVInAppBrowser.m; path = "cordova-plugin-inappbrowser/CDVInAppBrowser.m"; sourceTree = "<group>"; };
		D471A982E9B54AC09C10F5D3 /* libGGLCloudMessaging.a */ = {isa = PBXFileReference; fileEncoding = 4; lastKnownFileType = archive.ar; name = libGGLCloudMessaging.a; path = "Cinemaghar/Plugins/phonegap-plugin-push/GCM/Libraries/libGGLCloudMessaging.a"; sourceTree = "<group>"; };
		D4A0D8751607E02300AEF8BB /* Default-568h@2x~iphone.png */ = {isa = PBXFileReference; lastKnownFileType = image.png; path = "Default-568h@2x~iphone.png"; sourceTree = "<group>"; };
		D595308E7D30472A93820A33 /* CDVDevice.m */ = {isa = PBXFileReference; fileEncoding = 4; lastKnownFileType = sourcecode.c.objc; name = CDVDevice.m; path = "cordova-plugin-device/CDVDevice.m"; sourceTree = "<group>"; };
		DF6BDE6361284029BFCA0442 /* FacebookConnectPlugin.h */ = {isa = PBXFileReference; fileEncoding = 4; lastKnownFileType = sourcecode.c.h; name = FacebookConnectPlugin.h; path = "phonegap-facebook-plugin/FacebookConnectPlugin.h"; sourceTree = "<group>"; };
		E1859D36611B4509967FECB4 /* GGLContext+CloudMessaging.h */ = {isa = PBXFileReference; fileEncoding = 4; lastKnownFileType = sourcecode.c.h; name = "GGLContext+CloudMessaging.h"; path = "phonegap-plugin-push/GCM/Headers/GGLContext+CloudMessaging.h"; sourceTree = "<group>"; };
		E84AD491D00C4547B89DE966 /* libGGLInstanceIDLib.a */ = {isa = PBXFileReference; fileEncoding = 4; lastKnownFileType = archive.ar; name = libGGLInstanceIDLib.a; path = "Cinemaghar/Plugins/phonegap-plugin-push/GCM/Libraries/libGGLInstanceIDLib.a"; sourceTree = "<group>"; };
		E876FB05B79C4554A7A55DC4 /* AppDelegate+notification.h */ = {isa = PBXFileReference; fileEncoding = 4; lastKnownFileType = sourcecode.c.h; name = "AppDelegate+notification.h"; path = "phonegap-plugin-push/AppDelegate+notification.h"; sourceTree = "<group>"; };
		EB87FDF21871DA7A0020F90C /* merges */ = {isa = PBXFileReference; lastKnownFileType = folder; name = merges; path = ../../merges; sourceTree = "<group>"; };
		EB87FDF31871DA8E0020F90C /* www */ = {isa = PBXFileReference; lastKnownFileType = folder; name = www; path = ../../www; sourceTree = "<group>"; };
		EB87FDF41871DAF40020F90C /* config.xml */ = {isa = PBXFileReference; lastKnownFileType = text.xml; name = config.xml; path = ../../config.xml; sourceTree = "<group>"; };
		F19ED36EEB76495CB07127A4 /* libGTM_Regex.a */ = {isa = PBXFileReference; fileEncoding = 4; lastKnownFileType = archive.ar; name = libGTM_Regex.a; path = "Cinemaghar/Plugins/phonegap-plugin-push/GCM/Libraries/libGTM_Regex.a"; sourceTree = "<group>"; };
		F3F69284820640428420213C /* GGLInstanceIDHeaders.h */ = {isa = PBXFileReference; fileEncoding = 4; lastKnownFileType = sourcecode.c.h; name = GGLInstanceIDHeaders.h; path = "phonegap-plugin-push/GCM/Headers/GGLInstanceIDHeaders.h"; sourceTree = "<group>"; };
		F533B038FC4144868ABCF8A3 /* PushPlugin.m */ = {isa = PBXFileReference; fileEncoding = 4; lastKnownFileType = sourcecode.c.objc; name = PushPlugin.m; path = "phonegap-plugin-push/PushPlugin.m"; sourceTree = "<group>"; };
		F840E1F0165FE0F500CFE078 /* config.xml */ = {isa = PBXFileReference; lastKnownFileType = text.xml; name = config.xml; path = Cinemaghar/config.xml; sourceTree = "<group>"; };
		FEA0015130A44AE6B5EC0707 /* libz.tbd */ = {isa = PBXFileReference; fileEncoding = 4; lastKnownFileType = unknown; path = libz.tbd; sourceTree = "<group>"; };
/* End PBXFileReference section */

/* Begin PBXFrameworksBuildPhase section */
		1D60588F0D05DD3D006BFB54 /* Frameworks */ = {
			isa = PBXFrameworksBuildPhase;
			buildActionMask = 2147483647;
			files = (
				5B1594DD16A7569C00FEF299 /* AssetsLibrary.framework in Frameworks */,
				301BF552109A68D80062928A /* libCordova.a in Frameworks */,
				288765FD0DF74451002DB57D /* CoreGraphics.framework in Frameworks */,
				305D5FD1115AB8F900A74A75 /* MobileCoreServices.framework in Frameworks */,
				ACCEE57908F04D5D8DDD0DB1 /* FacebookSDK.framework in Frameworks */,
				D8BFD756AD3B41BEA9E125EF /* libsqlite3.dylib in Frameworks */,
				CF55696A195B4C3593CDE68E /* Social.framework in Frameworks */,
				3A3BD5CF289541A9B9232DD4 /* Accounts.framework in Frameworks */,
				CA097203DE1F4AE9869F0DF3 /* Security.framework in Frameworks */,
				D14BEC8918C841118DC7BBD4 /* libGGLCloudMessaging.a in Frameworks */,
				625F5298ECAB4CF4AD253D64 /* libGGLCore.a in Frameworks */,
				CFBFF136FBF049A3954E2451 /* libGGLInstanceIDLib.a in Frameworks */,
				107A7316C5F14116AE8DCA5E /* libGIP_Reachability.a in Frameworks */,
				3AAC0B0C3FD94AABAECFED67 /* libGSDK_Overload.a in Frameworks */,
				6410527B6FA74218AB717011 /* libGTMSessionFetcher_core.a in Frameworks */,
				D4D705F90B7A45F0967B8D87 /* libGTMSessionFetcher_full.a in Frameworks */,
				A32AE50472A74CECA422C3E8 /* libGTMStackTrace.a in Frameworks */,
				009CE805C89B4C01A88FAE3D /* libGTM_AddressBook.a in Frameworks */,
				DE007E0C06C4463DAAFB0922 /* libGTM_DebugUtils.a in Frameworks */,
				60020FD62C3542FCB78B3020 /* libGTM_GTMURLBuilder.a in Frameworks */,
				620508D67D264308AD38130A /* libGTM_KVO.a in Frameworks */,
				9C579F3129C84723939E6AC2 /* libGTM_NSData+zlib.a in Frameworks */,
				233B092D747A4B76AC9DE615 /* libGTM_NSDictionary+URLArguments.a in Frameworks */,
				847DE975ABBE4ABE9FE455B4 /* libGTM_NSScannerJSON.a in Frameworks */,
				71599EEF2F564C7088426012 /* libGTM_NSStringHTML.a in Frameworks */,
				AAD45398440E41E0AB570213 /* libGTM_NSStringXML.a in Frameworks */,
				7CBF77B655F54E62B59678FD /* libGTM_Regex.a in Frameworks */,
				63C502C7380F45F7AC05B667 /* libGTM_RoundedRectPath.a in Frameworks */,
				70C2920D6A454C36829D499D /* libGTM_StringEncoding.a in Frameworks */,
				ED51CB8F3F3C42C4A0F16747 /* libGTM_SystemVersion.a in Frameworks */,
				6683E7B7EE4B479B83CB9E93 /* libGTM_UIFont+LineHeight.a in Frameworks */,
				1BFD8A5CE26442D386B5FCD7 /* libGTM_core.a in Frameworks */,
				6475B1C2DBA0457DA32A2CAE /* libGTM_iPhone.a in Frameworks */,
				FE8A098080F84E4D89EB0A1E /* libGcmLib.a in Frameworks */,
				172B2C3E66DA4150A6090E1B /* libProtocolBuffers.a in Frameworks */,
				0E46FFDE185F4B67BA804F9F /* AddressBook.framework in Frameworks */,
				321FD9E14E5B49909F69F79E /* libsqlite3.tbd in Frameworks */,
				D6CDC2E2E75B4A7296DD2972 /* libz.tbd in Frameworks */,
			);
			runOnlyForDeploymentPostprocessing = 0;
		};
/* End PBXFrameworksBuildPhase section */

/* Begin PBXGroup section */
		080E96DDFE201D6D7F000001 /* Classes */ = {
			isa = PBXGroup;
			children = (
				302D95EE14D2391D003F00A1 /* MainViewController.h */,
				302D95EF14D2391D003F00A1 /* MainViewController.m */,
				302D95F014D2391D003F00A1 /* MainViewController.xib */,
				1D3623240D0F684500981E51 /* AppDelegate.h */,
				1D3623250D0F684500981E51 /* AppDelegate.m */,
			);
			name = Classes;
			path = Cinemaghar/Classes;
			sourceTree = SOURCE_ROOT;
		};
		19C28FACFE9D520D11CA2CBB /* Products */ = {
			isa = PBXGroup;
			children = (
				1D6058910D05DD3D006BFB54 /* Cinemaghar.app */,
			);
			name = Products;
			sourceTree = "<group>";
		};
		29B97314FDCFA39411CA2CEA /* CustomTemplate */ = {
			isa = PBXGroup;
			children = (
				EB87FDF41871DAF40020F90C /* config.xml */,
				EB87FDF31871DA8E0020F90C /* www */,
				EB87FDF21871DA7A0020F90C /* merges */,
				EB87FDF11871DA420020F90C /* Staging */,
				301BF52D109A57CC0062928A /* CordovaLib.xcodeproj */,
				080E96DDFE201D6D7F000001 /* Classes */,
				307C750510C5A3420062BCA9 /* Plugins */,
				29B97315FDCFA39411CA2CEA /* Other Sources */,
				29B97317FDCFA39411CA2CEA /* Resources */,
				29B97323FDCFA39411CA2CEA /* Frameworks */,
				19C28FACFE9D520D11CA2CBB /* Products */,
			);
			name = CustomTemplate;
			sourceTree = "<group>";
		};
		29B97315FDCFA39411CA2CEA /* Other Sources */ = {
			isa = PBXGroup;
			children = (
				32CA4F630368D1EE00C91783 /* Cinemaghar-Prefix.pch */,
				29B97316FDCFA39411CA2CEA /* main.m */,
			);
			name = "Other Sources";
			path = Cinemaghar;
			sourceTree = "<group>";
		};
		29B97317FDCFA39411CA2CEA /* Resources */ = {
			isa = PBXGroup;
			children = (
				308D052D1370CCF300D202BF /* icons */,
				308D05311370CCF300D202BF /* splash */,
				8D1107310486CEB800E47090 /* Cinemaghar-Info.plist */,
			);
			name = Resources;
			path = Cinemaghar/Resources;
			sourceTree = "<group>";
		};
		29B97323FDCFA39411CA2CEA /* Frameworks */ = {
			isa = PBXGroup;
			children = (
				5B1594DC16A7569C00FEF299 /* AssetsLibrary.framework */,
				288765FC0DF74451002DB57D /* CoreGraphics.framework */,
				305D5FD0115AB8F900A74A75 /* MobileCoreServices.framework */,
				0C2696E6CFD94A43970623EB /* FacebookSDK.framework */,
				586961539943487287E9AADA /* libsqlite3.dylib */,
				34F0D6B58F15403FA0156960 /* Social.framework */,
				B6A974265A54411D8CB98827 /* Accounts.framework */,
				C77DC79260B54AF8A2A6BACD /* Security.framework */,
				D471A982E9B54AC09C10F5D3 /* libGGLCloudMessaging.a */,
				4B9EBE3EEFA843A19DF2586B /* libGGLCore.a */,
				E84AD491D00C4547B89DE966 /* libGGLInstanceIDLib.a */,
				8389CAEF7D1047979B1660A9 /* libGIP_Reachability.a */,
				37B879FB25474922A12E4B13 /* libGSDK_Overload.a */,
				3A47ADDAB64B4CD3A9DA815A /* libGTMSessionFetcher_core.a */,
				BF931748F3D040AB85B7AB9D /* libGTMSessionFetcher_full.a */,
				AFA7DEC7BCA547F8BD01AB1E /* libGTMStackTrace.a */,
				272F446D09D54523B9C5F8EF /* libGTM_AddressBook.a */,
				6083863726954E7BB980623B /* libGTM_DebugUtils.a */,
				97DB248A11C6473BAF081382 /* libGTM_GTMURLBuilder.a */,
				5332442E15FA4FAC96F466B7 /* libGTM_KVO.a */,
				9B10BE056725489EAC5F8D35 /* libGTM_NSData+zlib.a */,
				78A41201F4B7443984BB983C /* libGTM_NSDictionary+URLArguments.a */,
				5297567DB7074408873E407D /* libGTM_NSScannerJSON.a */,
				B12984F949ED4B0494CEC176 /* libGTM_NSStringHTML.a */,
				3E60C889436A41B79C642F5D /* libGTM_NSStringXML.a */,
				F19ED36EEB76495CB07127A4 /* libGTM_Regex.a */,
				4EB92B7727E74FBEA92A678E /* libGTM_RoundedRectPath.a */,
				A58A1D37C02C49A8B0DD0E17 /* libGTM_StringEncoding.a */,
				C7D5154A41B441D08201D553 /* libGTM_SystemVersion.a */,
				3BAB479A42154293937AE21B /* libGTM_UIFont+LineHeight.a */,
				C823F9E02E124EDC86885038 /* libGTM_core.a */,
				16A8EFD2376F4430AF79FC97 /* libGTM_iPhone.a */,
				77FD3B6F322A4445B317E015 /* libGcmLib.a */,
				0BCAD24EA3B246DD808CD2B5 /* libProtocolBuffers.a */,
				06DE7D511BCE4BFFA097BF47 /* AddressBook.framework */,
				AA725579216045B28819D0A9 /* libsqlite3.tbd */,
				FEA0015130A44AE6B5EC0707 /* libz.tbd */,
			);
			name = Frameworks;
			sourceTree = "<group>";
		};
		301BF52E109A57CC0062928A /* Products */ = {
			isa = PBXGroup;
			children = (
				301BF535109A57CC0062928A /* libCordova.a */,
			);
			name = Products;
			sourceTree = "<group>";
		};
		307C750510C5A3420062BCA9 /* Plugins */ = {
			isa = PBXGroup;
			children = (
				7DC00A1002C647A09FF31C65 /* CDVLogger.m */,
				81A83ECD57464410901E34F7 /* CDVLogger.h */,
				D595308E7D30472A93820A33 /* CDVDevice.m */,
				9AD00FDF4C9B4C36AD1913B3 /* CDVDevice.h */,
				CC6AF100C81446AD96B36840 /* CDVInAppBrowser.m */,
				7ECCB70E20404F8FB4993012 /* CDVInAppBrowser.h */,
				A862DCBF0A814AA8BA2926BD /* CDVSplashScreen.m */,
				AF9D45234949468F88D2EC23 /* CDVViewController+SplashScreen.m */,
				61CB0CDF91984F788D0F401D /* CDVSplashScreen.h */,
				604575FB71164C73A40B2D56 /* CDVViewController+SplashScreen.h */,
				9C2FF0E518054858BACEC3B9 /* CDVStatusBar.m */,
				4B225A337C2C4F7A8DDEE936 /* CDVStatusBar.h */,
				43C8654E61E9473C969720CD /* IonicKeyboard.m */,
				AF3CE2D0C8DD4CD19D5BC988 /* UIWebViewExtension.m */,
				3441177B6494430F8DAFD51B /* IonicKeyboard.h */,
				44FBAE1180784D86951BA26C /* UIWebViewExtension.h */,
				B0CE1ED12C204D21B542C743 /* FacebookConnectPlugin.m */,
				DF6BDE6361284029BFCA0442 /* FacebookConnectPlugin.h */,
				2533BBB99168456ABA0D8FBA /* AppDelegate+notification.m */,
				F533B038FC4144868ABCF8A3 /* PushPlugin.m */,
				E876FB05B79C4554A7A55DC4 /* AppDelegate+notification.h */,
				7CDA14C776314B1BAA78027A /* PushPlugin.h */,
				0D6E8F238AE7494388558BE5 /* GGLInstanceID.h */,
				0D965EFDCA154500B23DA728 /* GGLInstanceIDConfig.h */,
				AEFB9A9B80924B3592C8562E /* GGLInstanceIDDelegate.h */,
				F3F69284820640428420213C /* GGLInstanceIDHeaders.h */,
				2371A9A81D2747F0B01BAC65 /* CloudMessaging.h */,
				E1859D36611B4509967FECB4 /* GGLContext+CloudMessaging.h */,
				86581537EBEA407FB9C2901A /* Core.h */,
				B9FFF9205ED7472C9EAA6A7F /* GGLConfiguration.h */,
				B46015DEE521429EAA96053D /* GGLContext.h */,
				2CF899370E33421689607E88 /* GGLErrorCode.h */,
				20103F75FF92410E86005DFF /* GCMConfig.h */,
				44269EA902BE4D238F51C3FF /* GCMPubSub.h */,
				440F60D9A20C422AB4A254E4 /* GCMReceiverDelegate.h */,
				28A958F97C21483DBB1309B6 /* GCMService.h */,
				513198BC3F63480E9A950402 /* GoogleCloudMessaging.h */,
			);
			name = Plugins;
			path = Cinemaghar/Plugins;
			sourceTree = SOURCE_ROOT;
		};
		308D052D1370CCF300D202BF /* icons */ = {
			isa = PBXGroup;
			children = (
				30C1856519D5FC0A00212699 /* icon-60@3x.png */,
				7E7966D41810823500FA85AD /* icon-40.png */,
				7E7966D51810823500FA85AD /* icon-40@2x.png */,
				7E7966D61810823500FA85AD /* icon-50.png */,
				7E7966D71810823500FA85AD /* icon-50@2x.png */,
				7E7966D81810823500FA85AD /* icon-60.png */,
				7E7966D91810823500FA85AD /* icon-60@2x.png */,
				7E7966DA1810823500FA85AD /* icon-76.png */,
				7E7966DB1810823500FA85AD /* icon-76@2x.png */,
				7E7966DC1810823500FA85AD /* icon-small.png */,
				7E7966DD1810823500FA85AD /* icon-small@2x.png */,
				30FC414816E50CA1004E6F35 /* icon-72@2x.png */,
				308D052E1370CCF300D202BF /* icon-72.png */,
				308D052F1370CCF300D202BF /* icon.png */,
				308D05301370CCF300D202BF /* icon@2x.png */,
			);
			path = icons;
			sourceTree = "<group>";
		};
		308D05311370CCF300D202BF /* splash */ = {
			isa = PBXGroup;
			children = (
				30B4F2FD19D5E07200D9F7D8 /* Default-667h.png */,
				30B4F2FE19D5E07200D9F7D8 /* Default-736h.png */,
				30B4F2FF19D5E07200D9F7D8 /* Default-Landscape-736h.png */,
				D4A0D8751607E02300AEF8BB /* Default-568h@2x~iphone.png */,
				3088BBB7154F3926009F9C59 /* Default-Landscape@2x~ipad.png */,
				3088BBB8154F3926009F9C59 /* Default-Landscape~ipad.png */,
				3088BBB9154F3926009F9C59 /* Default-Portrait@2x~ipad.png */,
				3088BBBA154F3926009F9C59 /* Default-Portrait~ipad.png */,
				3088BBBB154F3926009F9C59 /* Default@2x~iphone.png */,
				3088BBBC154F3926009F9C59 /* Default~iphone.png */,
			);
			path = splash;
			sourceTree = "<group>";
		};
		EB87FDF11871DA420020F90C /* Staging */ = {
			isa = PBXGroup;
			children = (
				F840E1F0165FE0F500CFE078 /* config.xml */,
				301BF56E109A69640062928A /* www */,
			);
			name = Staging;
			sourceTree = "<group>";
		};
/* End PBXGroup section */

/* Begin PBXNativeTarget section */
		1D6058900D05DD3D006BFB54 /* Cinemaghar */ = {
			isa = PBXNativeTarget;
			buildConfigurationList = 1D6058960D05DD3E006BFB54 /* Build configuration list for PBXNativeTarget "Cinemaghar" */;
			buildPhases = (
				304B58A110DAC018002A0835 /* Copy www directory */,
				1D60588D0D05DD3D006BFB54 /* Resources */,
				1D60588E0D05DD3D006BFB54 /* Sources */,
				1D60588F0D05DD3D006BFB54 /* Frameworks */,
			);
			buildRules = (
			);
			dependencies = (
				301BF551109A68C00062928A /* PBXTargetDependency */,
			);
			name = Cinemaghar;
			productName = Cinemaghar;
			productReference = 1D6058910D05DD3D006BFB54 /* Cinemaghar.app */;
			productType = "com.apple.product-type.application";
		};
/* End PBXNativeTarget section */

/* Begin PBXProject section */
		29B97313FDCFA39411CA2CEA /* Project object */ = {
			isa = PBXProject;
			attributes = {
				LastUpgradeCheck = 510;
				TargetAttributes = {
					1D6058900D05DD3D006BFB54 = {
						DevelopmentTeam = B9FN3BE9XT;
						SystemCapabilities = {
							com.apple.Push = {
								enabled = 1;
							};
						};
					};
				};
			};
			buildConfigurationList = C01FCF4E08A954540054247B /* Build configuration list for PBXProject "Cinemaghar" */;
			compatibilityVersion = "Xcode 3.2";
			developmentRegion = English;
			hasScannedForEncodings = 1;
			knownRegions = (
				English,
				Japanese,
				French,
				German,
				en,
				es,
				de,
				se,
			);
			mainGroup = 29B97314FDCFA39411CA2CEA /* CustomTemplate */;
			projectDirPath = "";
			projectReferences = (
				{
					ProductGroup = 301BF52E109A57CC0062928A /* Products */;
					ProjectRef = 301BF52D109A57CC0062928A /* CordovaLib.xcodeproj */;
				},
			);
			projectRoot = "";
			targets = (
				1D6058900D05DD3D006BFB54 /* Cinemaghar */,
			);
		};
/* End PBXProject section */

/* Begin PBXReferenceProxy section */
		301BF535109A57CC0062928A /* libCordova.a */ = {
			isa = PBXReferenceProxy;
			fileType = archive.ar;
			path = libCordova.a;
			remoteRef = 301BF534109A57CC0062928A /* PBXContainerItemProxy */;
			sourceTree = BUILT_PRODUCTS_DIR;
		};
/* End PBXReferenceProxy section */

/* Begin PBXResourcesBuildPhase section */
		1D60588D0D05DD3D006BFB54 /* Resources */ = {
			isa = PBXResourcesBuildPhase;
			buildActionMask = 2147483647;
			files = (
				7E7966E41810823500FA85AD /* icon-76.png in Resources */,
				7E7966DF1810823500FA85AD /* icon-40@2x.png in Resources */,
				308D05371370CCF300D202BF /* icon-72.png in Resources */,
				30B4F30119D5E07200D9F7D8 /* Default-736h.png in Resources */,
				308D05381370CCF300D202BF /* icon.png in Resources */,
				308D05391370CCF300D202BF /* icon@2x.png in Resources */,
				302D95F214D2391D003F00A1 /* MainViewController.xib in Resources */,
				7E7966E01810823500FA85AD /* icon-50.png in Resources */,
				7E7966E31810823500FA85AD /* icon-60@2x.png in Resources */,
				7E7966E61810823500FA85AD /* icon-small.png in Resources */,
				3088BBBD154F3926009F9C59 /* Default-Landscape@2x~ipad.png in Resources */,
				3088BBBE154F3926009F9C59 /* Default-Landscape~ipad.png in Resources */,
				3088BBBF154F3926009F9C59 /* Default-Portrait@2x~ipad.png in Resources */,
				7E7966E71810823500FA85AD /* icon-small@2x.png in Resources */,
				3088BBC0154F3926009F9C59 /* Default-Portrait~ipad.png in Resources */,
				30B4F30019D5E07200D9F7D8 /* Default-667h.png in Resources */,
				7E7966DE1810823500FA85AD /* icon-40.png in Resources */,
				3088BBC1154F3926009F9C59 /* Default@2x~iphone.png in Resources */,
				7E7966E21810823500FA85AD /* icon-60.png in Resources */,
				3088BBC2154F3926009F9C59 /* Default~iphone.png in Resources */,
				D4A0D8761607E02300AEF8BB /* Default-568h@2x~iphone.png in Resources */,
				30B4F30219D5E07200D9F7D8 /* Default-Landscape-736h.png in Resources */,
				30C1856619D5FC0A00212699 /* icon-60@3x.png in Resources */,
				7E7966E11810823500FA85AD /* icon-50@2x.png in Resources */,
				7E7966E51810823500FA85AD /* icon-76@2x.png in Resources */,
				30FC414916E50CA1004E6F35 /* icon-72@2x.png in Resources */,
			);
			runOnlyForDeploymentPostprocessing = 0;
		};
/* End PBXResourcesBuildPhase section */

/* Begin PBXShellScriptBuildPhase section */
		304B58A110DAC018002A0835 /* Copy www directory */ = {
			isa = PBXShellScriptBuildPhase;
			buildActionMask = 2147483647;
			files = (
			);
			inputPaths = (
			);
			name = "Copy www directory";
			outputPaths = (
			);
			runOnlyForDeploymentPostprocessing = 0;
			shellPath = /bin/sh;
			shellScript = "NODEJS_PATH=/usr/local/bin; NVM_NODE_PATH=~/.nvm/versions/node/`nvm version 2>/dev/null`/bin; N_NODE_PATH=`find /usr/local/n/versions/node/* -maxdepth 0 -type d 2>/dev/null | tail -1`/bin; XCODE_NODE_PATH=`xcode-select --print-path`/usr/share/xcs/Node/bin; PATH=$NODEJS_PATH:$NVM_NODE_PATH:$N_NODE_PATH:$XCODE_NODE_PATH:$PATH && node cordova/lib/copy-www-build-step.js";
			showEnvVarsInLog = 0;
		};
/* End PBXShellScriptBuildPhase section */

/* Begin PBXSourcesBuildPhase section */
		1D60588E0D05DD3D006BFB54 /* Sources */ = {
			isa = PBXSourcesBuildPhase;
			buildActionMask = 2147483647;
			files = (
				1D60589B0D05DD56006BFB54 /* main.m in Sources */,
				1D3623260D0F684500981E51 /* AppDelegate.m in Sources */,
				302D95F114D2391D003F00A1 /* MainViewController.m in Sources */,
				492351FB50AB4CECBF44FF98 /* CDVLogger.m in Sources */,
				F8ACA1C3A2F14D3D83FD2568 /* CDVDevice.m in Sources */,
				80F2C055772A44A3A97F2FBE /* CDVInAppBrowser.m in Sources */,
				20B9FF2671C247C991E0D138 /* CDVSplashScreen.m in Sources */,
				A0601388028D45C685060620 /* CDVViewController+SplashScreen.m in Sources */,
				7E95DF64DCA443F880B26017 /* CDVStatusBar.m in Sources */,
				131BB17596884DDC9D0DB623 /* IonicKeyboard.m in Sources */,
				EAAC35A43B394A1594B8A056 /* UIWebViewExtension.m in Sources */,
				A2E5A7B947BE4C969D3E0BE4 /* FacebookConnectPlugin.m in Sources */,
				20AB90A21DAA4A9F9CF3C7B4 /* AppDelegate+notification.m in Sources */,
				DF08CDC691804B23BBA3BDBA /* PushPlugin.m in Sources */,
			);
			runOnlyForDeploymentPostprocessing = 0;
		};
/* End PBXSourcesBuildPhase section */

/* Begin PBXTargetDependency section */
		301BF551109A68C00062928A /* PBXTargetDependency */ = {
			isa = PBXTargetDependency;
			name = CordovaLib;
			targetProxy = 301BF550109A68C00062928A /* PBXContainerItemProxy */;
		};
/* End PBXTargetDependency section */

/* Begin XCBuildConfiguration section */
		1D6058940D05DD3E006BFB54 /* Debug */ = {
			isa = XCBuildConfiguration;
			buildSettings = {
				ALWAYS_SEARCH_USER_PATHS = NO;
				CLANG_ENABLE_OBJC_ARC = YES;
				CODE_SIGN_IDENTITY = "iPhone Developer";
				"CODE_SIGN_IDENTITY[sdk=iphoneos*]" = "iPhone Developer";
				COPY_PHASE_STRIP = NO;
				ENABLE_BITCODE = NO;
				FRAMEWORK_SEARCH_PATHS = (
					"$(inherited)",
					"\"Cinemaghar/Plugins/phonegap-facebook-plugin\"",
				);
				GCC_DYNAMIC_NO_PIC = NO;
				GCC_OPTIMIZATION_LEVEL = 0;
				GCC_PRECOMPILE_PREFIX_HEADER = YES;
				GCC_PREFIX_HEADER = "Cinemaghar/Cinemaghar-Prefix.pch";
				GCC_THUMB_SUPPORT = NO;
				GCC_VERSION = "";
				INFOPLIST_FILE = "Cinemaghar/Cinemaghar-Info.plist";
				IPHONEOS_DEPLOYMENT_TARGET = 6.0;
				LIBRARY_SEARCH_PATHS = (
					"$(inherited)",
					"\"$(SRCROOT)/Cinemaghar/Plugins/phonegap-plugin-push/GCM/Libraries\"",
					"\"$(SRCROOT)/Cinemaghar/Plugins/phonegap-plugin-push/GCM/Libraries\"",
					"\"$(SRCROOT)/Cinemaghar/Plugins/phonegap-plugin-push/GCM/Libraries\"",
					"\"$(SRCROOT)/Cinemaghar/Plugins/phonegap-plugin-push/GCM/Libraries\"",
					"\"$(SRCROOT)/Cinemaghar/Plugins/phonegap-plugin-push/GCM/Libraries\"",
					"\"$(SRCROOT)/Cinemaghar/Plugins/phonegap-plugin-push/GCM/Libraries\"",
					"\"$(SRCROOT)/Cinemaghar/Plugins/phonegap-plugin-push/GCM/Libraries\"",
					"\"$(SRCROOT)/Cinemaghar/Plugins/phonegap-plugin-push/GCM/Libraries\"",
					"\"$(SRCROOT)/Cinemaghar/Plugins/phonegap-plugin-push/GCM/Libraries\"",
					"\"$(SRCROOT)/Cinemaghar/Plugins/phonegap-plugin-push/GCM/Libraries\"",
					"\"$(SRCROOT)/Cinemaghar/Plugins/phonegap-plugin-push/GCM/Libraries\"",
					"\"$(SRCROOT)/Cinemaghar/Plugins/phonegap-plugin-push/GCM/Libraries\"",
					"\"$(SRCROOT)/Cinemaghar/Plugins/phonegap-plugin-push/GCM/Libraries\"",
					"\"$(SRCROOT)/Cinemaghar/Plugins/phonegap-plugin-push/GCM/Libraries\"",
					"\"$(SRCROOT)/Cinemaghar/Plugins/phonegap-plugin-push/GCM/Libraries\"",
					"\"$(SRCROOT)/Cinemaghar/Plugins/phonegap-plugin-push/GCM/Libraries\"",
					"\"$(SRCROOT)/Cinemaghar/Plugins/phonegap-plugin-push/GCM/Libraries\"",
					"\"$(SRCROOT)/Cinemaghar/Plugins/phonegap-plugin-push/GCM/Libraries\"",
					"\"$(SRCROOT)/Cinemaghar/Plugins/phonegap-plugin-push/GCM/Libraries\"",
					"\"$(SRCROOT)/Cinemaghar/Plugins/phonegap-plugin-push/GCM/Libraries\"",
					"\"$(SRCROOT)/Cinemaghar/Plugins/phonegap-plugin-push/GCM/Libraries\"",
					"\"$(SRCROOT)/Cinemaghar/Plugins/phonegap-plugin-push/GCM/Libraries\"",
					"\"$(SRCROOT)/Cinemaghar/Plugins/phonegap-plugin-push/GCM/Libraries\"",
					"\"$(SRCROOT)/Cinemaghar/Plugins/phonegap-plugin-push/GCM/Libraries\"",
					"\"$(SRCROOT)/Cinemaghar/Plugins/phonegap-plugin-push/GCM/Libraries\"",
					"\"$(SRCROOT)/Cinemaghar/Plugins/phonegap-plugin-push/GCM/Libraries\"",
				);
				OTHER_LDFLAGS = (
					"-weak_framework",
					CoreFoundation,
					"-weak_framework",
					UIKit,
					"-weak_framework",
					AVFoundation,
					"-weak_framework",
					CoreMedia,
					"-weak-lSystem",
					"-ObjC",
				);
				PRODUCT_BUNDLE_IDENTIFIER = com.sagarkharel.cinemagharhd;
				PRODUCT_NAME = Cinemaghar;
				PROVISIONING_PROFILE = "";
				TARGETED_DEVICE_FAMILY = "1,2";
			};
			name = Debug;
		};
		1D6058950D05DD3E006BFB54 /* Release */ = {
			isa = XCBuildConfiguration;
			buildSettings = {
				ALWAYS_SEARCH_USER_PATHS = NO;
				CLANG_ENABLE_OBJC_ARC = YES;
				CODE_SIGN_IDENTITY = "iPhone Developer";
				"CODE_SIGN_IDENTITY[sdk=iphoneos*]" = "iPhone Developer";
				COPY_PHASE_STRIP = YES;
				ENABLE_BITCODE = NO;
				FRAMEWORK_SEARCH_PATHS = (
					"$(inherited)",
					"\"Cinemaghar/Plugins/phonegap-facebook-plugin\"",
				);
				GCC_PRECOMPILE_PREFIX_HEADER = YES;
				GCC_PREFIX_HEADER = "Cinemaghar/Cinemaghar-Prefix.pch";
				GCC_THUMB_SUPPORT = NO;
				GCC_VERSION = "";
				INFOPLIST_FILE = "Cinemaghar/Cinemaghar-Info.plist";
				IPHONEOS_DEPLOYMENT_TARGET = 6.0;
				LIBRARY_SEARCH_PATHS = (
					"$(inherited)",
					"\"$(SRCROOT)/Cinemaghar/Plugins/phonegap-plugin-push/GCM/Libraries\"",
					"\"$(SRCROOT)/Cinemaghar/Plugins/phonegap-plugin-push/GCM/Libraries\"",
					"\"$(SRCROOT)/Cinemaghar/Plugins/phonegap-plugin-push/GCM/Libraries\"",
					"\"$(SRCROOT)/Cinemaghar/Plugins/phonegap-plugin-push/GCM/Libraries\"",
					"\"$(SRCROOT)/Cinemaghar/Plugins/phonegap-plugin-push/GCM/Libraries\"",
					"\"$(SRCROOT)/Cinemaghar/Plugins/phonegap-plugin-push/GCM/Libraries\"",
					"\"$(SRCROOT)/Cinemaghar/Plugins/phonegap-plugin-push/GCM/Libraries\"",
					"\"$(SRCROOT)/Cinemaghar/Plugins/phonegap-plugin-push/GCM/Libraries\"",
					"\"$(SRCROOT)/Cinemaghar/Plugins/phonegap-plugin-push/GCM/Libraries\"",
					"\"$(SRCROOT)/Cinemaghar/Plugins/phonegap-plugin-push/GCM/Libraries\"",
					"\"$(SRCROOT)/Cinemaghar/Plugins/phonegap-plugin-push/GCM/Libraries\"",
					"\"$(SRCROOT)/Cinemaghar/Plugins/phonegap-plugin-push/GCM/Libraries\"",
					"\"$(SRCROOT)/Cinemaghar/Plugins/phonegap-plugin-push/GCM/Libraries\"",
					"\"$(SRCROOT)/Cinemaghar/Plugins/phonegap-plugin-push/GCM/Libraries\"",
					"\"$(SRCROOT)/Cinemaghar/Plugins/phonegap-plugin-push/GCM/Libraries\"",
					"\"$(SRCROOT)/Cinemaghar/Plugins/phonegap-plugin-push/GCM/Libraries\"",
					"\"$(SRCROOT)/Cinemaghar/Plugins/phonegap-plugin-push/GCM/Libraries\"",
					"\"$(SRCROOT)/Cinemaghar/Plugins/phonegap-plugin-push/GCM/Libraries\"",
					"\"$(SRCROOT)/Cinemaghar/Plugins/phonegap-plugin-push/GCM/Libraries\"",
					"\"$(SRCROOT)/Cinemaghar/Plugins/phonegap-plugin-push/GCM/Libraries\"",
					"\"$(SRCROOT)/Cinemaghar/Plugins/phonegap-plugin-push/GCM/Libraries\"",
					"\"$(SRCROOT)/Cinemaghar/Plugins/phonegap-plugin-push/GCM/Libraries\"",
					"\"$(SRCROOT)/Cinemaghar/Plugins/phonegap-plugin-push/GCM/Libraries\"",
					"\"$(SRCROOT)/Cinemaghar/Plugins/phonegap-plugin-push/GCM/Libraries\"",
					"\"$(SRCROOT)/Cinemaghar/Plugins/phonegap-plugin-push/GCM/Libraries\"",
					"\"$(SRCROOT)/Cinemaghar/Plugins/phonegap-plugin-push/GCM/Libraries\"",
				);
				OTHER_LDFLAGS = (
					"-weak_framework",
					CoreFoundation,
					"-weak_framework",
					UIKit,
					"-weak_framework",
					AVFoundation,
					"-weak_framework",
					CoreMedia,
					"-weak-lSystem",
					"-ObjC",
				);
				PRODUCT_BUNDLE_IDENTIFIER = com.sagarkharel.cinemagharhd;
				PRODUCT_NAME = Cinemaghar;
				PROVISIONING_PROFILE = "";
				TARGETED_DEVICE_FAMILY = "1,2";
			};
			name = Release;
		};
		C01FCF4F08A954540054247B /* Debug */ = {
			isa = XCBuildConfiguration;
			buildSettings = {
				CLANG_ENABLE_OBJC_ARC = YES;
				CLANG_WARN_BOOL_CONVERSION = YES;
				CLANG_WARN_CONSTANT_CONVERSION = YES;
				CLANG_WARN_EMPTY_BODY = YES;
				CLANG_WARN_ENUM_CONVERSION = YES;
				CLANG_WARN_INT_CONVERSION = YES;
				CLANG_WARN__DUPLICATE_METHOD_MATCH = YES;
				"CODE_SIGN_IDENTITY[sdk=iphoneos*]" = "iPhone Developer";
				GCC_C_LANGUAGE_STANDARD = c99;
				GCC_THUMB_SUPPORT = NO;
				GCC_VERSION = "";
				GCC_WARN_ABOUT_RETURN_TYPE = YES;
				GCC_WARN_UNDECLARED_SELECTOR = YES;
				GCC_WARN_UNINITIALIZED_AUTOS = YES;
				GCC_WARN_UNUSED_FUNCTION = YES;
				GCC_WARN_UNUSED_VARIABLE = YES;
				HEADER_SEARCH_PATHS = (
					"\"$(TARGET_BUILD_DIR)/usr/local/lib/include\"",
					"\"$(OBJROOT)/UninstalledProducts/include\"",
					"\"$(BUILT_PRODUCTS_DIR)\"",
				);
				IPHONEOS_DEPLOYMENT_TARGET = 6.0;
				ONLY_ACTIVE_ARCH = YES;
				OTHER_LDFLAGS = (
					"-weak_framework",
					CoreFoundation,
					"-weak_framework",
					UIKit,
					"-weak_framework",
					AVFoundation,
					"-weak_framework",
					CoreMedia,
					"-weak-lSystem",
					"-ObjC",
				);
				SDKROOT = iphoneos;
				SKIP_INSTALL = NO;
				USER_HEADER_SEARCH_PATHS = "";
			};
			name = Debug;
		};
		C01FCF5008A954540054247B /* Release */ = {
			isa = XCBuildConfiguration;
			buildSettings = {
				CLANG_ENABLE_OBJC_ARC = YES;
				CLANG_WARN_BOOL_CONVERSION = YES;
				CLANG_WARN_CONSTANT_CONVERSION = YES;
				CLANG_WARN_EMPTY_BODY = YES;
				CLANG_WARN_ENUM_CONVERSION = YES;
				CLANG_WARN_INT_CONVERSION = YES;
				CLANG_WARN__DUPLICATE_METHOD_MATCH = YES;
				"CODE_SIGN_IDENTITY[sdk=iphoneos*]" = "iPhone Developer";
				GCC_C_LANGUAGE_STANDARD = c99;
				GCC_THUMB_SUPPORT = NO;
				GCC_VERSION = "";
				GCC_WARN_ABOUT_RETURN_TYPE = YES;
				GCC_WARN_UNDECLARED_SELECTOR = YES;
				GCC_WARN_UNINITIALIZED_AUTOS = YES;
				GCC_WARN_UNUSED_FUNCTION = YES;
				GCC_WARN_UNUSED_VARIABLE = YES;
				HEADER_SEARCH_PATHS = (
					"\"$(TARGET_BUILD_DIR)/usr/local/lib/include\"",
					"\"$(OBJROOT)/UninstalledProducts/include\"",
					"\"$(BUILT_PRODUCTS_DIR)\"",
					"\"$(OBJROOT)/UninstalledProducts/$(PLATFORM_NAME)/include\"",
				);
				IPHONEOS_DEPLOYMENT_TARGET = 6.0;
				OTHER_LDFLAGS = (
					"-weak_framework",
					CoreFoundation,
					"-weak_framework",
					UIKit,
					"-weak_framework",
					AVFoundation,
					"-weak_framework",
					CoreMedia,
					"-weak-lSystem",
					"-ObjC",
				);
				SDKROOT = iphoneos;
				SKIP_INSTALL = NO;
				USER_HEADER_SEARCH_PATHS = "";
			};
			name = Release;
		};
/* End XCBuildConfiguration section */

/* Begin XCConfigurationList section */
		1D6058960D05DD3E006BFB54 /* Build configuration list for PBXNativeTarget "Cinemaghar" */ = {
			isa = XCConfigurationList;
			buildConfigurations = (
				1D6058940D05DD3E006BFB54 /* Debug */,
				1D6058950D05DD3E006BFB54 /* Release */,
			);
			defaultConfigurationIsVisible = 0;
			defaultConfigurationName = Release;
		};
		C01FCF4E08A954540054247B /* Build configuration list for PBXProject "Cinemaghar" */ = {
			isa = XCConfigurationList;
			buildConfigurations = (
				C01FCF4F08A954540054247B /* Debug */,
				C01FCF5008A954540054247B /* Release */,
			);
			defaultConfigurationIsVisible = 0;
			defaultConfigurationName = Release;
		};
/* End XCConfigurationList section */
	};
	rootObject = 29B97313FDCFA39411CA2CEA /* Project object */;
}
